// !$*UTF8*$!
{
	archiveVersion = 1;
	classes = {
	};
	objectVersion = 50;
	objects = {

/* Begin PBXBuildFile section */
		4AB6A35A05CC328DAAB0E2A7 /* Pods_Farm.framework in Frameworks */ = {isa = PBXBuildFile; fileRef = 53C8A2560FA3222BABDEA980 /* Pods_Farm.framework */; };
		6F101FD6222813DE0001A081 /* adminFarmCell.swift in Sources */ = {isa = PBXBuildFile; fileRef = 6F101FD5222813DE0001A081 /* adminFarmCell.swift */; };
		6F101FD8222813F80001A081 /* adminFarm.swift in Sources */ = {isa = PBXBuildFile; fileRef = 6F101FD7222813F80001A081 /* adminFarm.swift */; };
		6F101FDA222830B50001A081 /* adminFarmActivity.swift in Sources */ = {isa = PBXBuildFile; fileRef = 6F101FD9222830B50001A081 /* adminFarmActivity.swift */; };
		6F101FDC222830D90001A081 /* adminFarmActivityCell.swift in Sources */ = {isa = PBXBuildFile; fileRef = 6F101FDB222830D90001A081 /* adminFarmActivityCell.swift */; };
		6F101FDE2229C8020001A081 /* adminPlotCell.swift in Sources */ = {isa = PBXBuildFile; fileRef = 6F101FDD2229C8020001A081 /* adminPlotCell.swift */; };
		6F101FE02229C8610001A081 /* adminPlot.swift in Sources */ = {isa = PBXBuildFile; fileRef = 6F101FDF2229C8610001A081 /* adminPlot.swift */; };
		6F101FE22229ECEF0001A081 /* CreateAccount.swift in Sources */ = {isa = PBXBuildFile; fileRef = 6F101FE12229ECEF0001A081 /* CreateAccount.swift */; };
		6F14EE1C222B16140001841A /* AddPlot.swift in Sources */ = {isa = PBXBuildFile; fileRef = 6F14EE1B222B16140001841A /* AddPlot.swift */; };
		6F14EE1E222B181B0001841A /* AddActivity.swift in Sources */ = {isa = PBXBuildFile; fileRef = 6F14EE1D222B181B0001841A /* AddActivity.swift */; };
		6F14EE20222B4B190001841A /* adminItemType.swift in Sources */ = {isa = PBXBuildFile; fileRef = 6F14EE1F222B4B190001841A /* adminItemType.swift */; };
		6F14EE22222BCA370001841A /* adminItemTypeCell.swift in Sources */ = {isa = PBXBuildFile; fileRef = 6F14EE21222BCA370001841A /* adminItemTypeCell.swift */; };
		6F14EE24222BD9E80001841A /* AddItems.swift in Sources */ = {isa = PBXBuildFile; fileRef = 6F14EE23222BD9E80001841A /* AddItems.swift */; };
		6F19AB44220EB2F800253C51 /* Url.swift in Sources */ = {isa = PBXBuildFile; fileRef = 6F19AB43220EB2F800253C51 /* Url.swift */; };
		6F19AB89220F29A500253C51 /* splash.swift in Sources */ = {isa = PBXBuildFile; fileRef = 6F19AB88220F29A500253C51 /* splash.swift */; };
		6F20E6DE220CD7E60075A04B /* AppDelegate.swift in Sources */ = {isa = PBXBuildFile; fileRef = 6F20E6DD220CD7E60075A04B /* AppDelegate.swift */; };
		6F20E6E0220CD7E60075A04B /* Login.swift in Sources */ = {isa = PBXBuildFile; fileRef = 6F20E6DF220CD7E60075A04B /* Login.swift */; };
		6F20E6E3220CD7E60075A04B /* Main.storyboard in Resources */ = {isa = PBXBuildFile; fileRef = 6F20E6E1220CD7E60075A04B /* Main.storyboard */; };
		6F20E6E6220CD7E60075A04B /* Farm.xcdatamodeld in Sources */ = {isa = PBXBuildFile; fileRef = 6F20E6E4220CD7E60075A04B /* Farm.xcdatamodeld */; };
		6F20E6E8220CD7E90075A04B /* Assets.xcassets in Resources */ = {isa = PBXBuildFile; fileRef = 6F20E6E7220CD7E90075A04B /* Assets.xcassets */; };
		6F20E6EB220CD7E90075A04B /* LaunchScreen.storyboard in Resources */ = {isa = PBXBuildFile; fileRef = 6F20E6E9220CD7E90075A04B /* LaunchScreen.storyboard */; };
		6F23A8F8222C14DA0072AF24 /* adminDailyExpenses.swift in Sources */ = {isa = PBXBuildFile; fileRef = 6F23A8F7222C14DA0072AF24 /* adminDailyExpenses.swift */; };
		6F23A8FA222C15D40072AF24 /* adminDailyExpensesCell.swift in Sources */ = {isa = PBXBuildFile; fileRef = 6F23A8F9222C15D40072AF24 /* adminDailyExpensesCell.swift */; };
		6F23A8FC222C2CB10072AF24 /* AdminChangePassword.swift in Sources */ = {isa = PBXBuildFile; fileRef = 6F23A8FB222C2CB10072AF24 /* AdminChangePassword.swift */; };
		6F23A900222D386D0072AF24 /* adminSelectManagerCell.swift in Sources */ = {isa = PBXBuildFile; fileRef = 6F23A8FF222D386D0072AF24 /* adminSelectManagerCell.swift */; };
		6F23A906222D3E0E0072AF24 /* andminSelectManager.swift in Sources */ = {isa = PBXBuildFile; fileRef = 6F23A905222D3E0E0072AF24 /* andminSelectManager.swift */; };
		6F52A2B52225BAAB00ED3C82 /* adminManagerCell.swift in Sources */ = {isa = PBXBuildFile; fileRef = 6F52A2B42225BAAB00ED3C82 /* adminManagerCell.swift */; };
		6F52A2DE222742CF00ED3C82 /* adminAuditorCell.swift in Sources */ = {isa = PBXBuildFile; fileRef = 6F52A2DD222742CF00ED3C82 /* adminAuditorCell.swift */; };
		6F52A2E1222744B200ED3C82 /* adminAuditor.swift in Sources */ = {isa = PBXBuildFile; fileRef = 6F52A2E0222744B200ED3C82 /* adminAuditor.swift */; };
		6F8358BA222AE30C00A0FC85 /* Addfarm.swift in Sources */ = {isa = PBXBuildFile; fileRef = 6F8358B9222AE30C00A0FC85 /* Addfarm.swift */; };
		6F864967222D74D300E1DE4E /* ManagerDailyActivity.swift in Sources */ = {isa = PBXBuildFile; fileRef = 6F864966222D74D300E1DE4E /* ManagerDailyActivity.swift */; };
		6FD32367220E2D490002B695 /* adminManager.swift in Sources */ = {isa = PBXBuildFile; fileRef = 6FD32366220E2D490002B695 /* adminManager.swift */; };
/* End PBXBuildFile section */

/* Begin PBXFileReference section */
		375879C36916A65CA7FBA1B3 /* Pods-Farm.debug.xcconfig */ = {isa = PBXFileReference; includeInIndex = 1; lastKnownFileType = text.xcconfig; name = "Pods-Farm.debug.xcconfig"; path = "Pods/Target Support Files/Pods-Farm/Pods-Farm.debug.xcconfig"; sourceTree = "<group>"; };
		53C8A2560FA3222BABDEA980 /* Pods_Farm.framework */ = {isa = PBXFileReference; explicitFileType = wrapper.framework; includeInIndex = 0; path = Pods_Farm.framework; sourceTree = BUILT_PRODUCTS_DIR; };
		68F40804715C44CC9E9DFF21 /* Pods-Farm.release.xcconfig */ = {isa = PBXFileReference; includeInIndex = 1; lastKnownFileType = text.xcconfig; name = "Pods-Farm.release.xcconfig"; path = "Pods/Target Support Files/Pods-Farm/Pods-Farm.release.xcconfig"; sourceTree = "<group>"; };
		6F101FD5222813DE0001A081 /* adminFarmCell.swift */ = {isa = PBXFileReference; lastKnownFileType = sourcecode.swift; path = adminFarmCell.swift; sourceTree = "<group>"; };
		6F101FD7222813F80001A081 /* adminFarm.swift */ = {isa = PBXFileReference; lastKnownFileType = sourcecode.swift; path = adminFarm.swift; sourceTree = "<group>"; };
		6F101FD9222830B50001A081 /* adminFarmActivity.swift */ = {isa = PBXFileReference; lastKnownFileType = sourcecode.swift; path = adminFarmActivity.swift; sourceTree = "<group>"; };
		6F101FDB222830D90001A081 /* adminFarmActivityCell.swift */ = {isa = PBXFileReference; lastKnownFileType = sourcecode.swift; path = adminFarmActivityCell.swift; sourceTree = "<group>"; };
		6F101FDD2229C8020001A081 /* adminPlotCell.swift */ = {isa = PBXFileReference; lastKnownFileType = sourcecode.swift; path = adminPlotCell.swift; sourceTree = "<group>"; };
		6F101FDF2229C8610001A081 /* adminPlot.swift */ = {isa = PBXFileReference; lastKnownFileType = sourcecode.swift; path = adminPlot.swift; sourceTree = "<group>"; };
		6F101FE12229ECEF0001A081 /* CreateAccount.swift */ = {isa = PBXFileReference; lastKnownFileType = sourcecode.swift; path = CreateAccount.swift; sourceTree = "<group>"; };
		6F14EE1B222B16140001841A /* AddPlot.swift */ = {isa = PBXFileReference; lastKnownFileType = sourcecode.swift; path = AddPlot.swift; sourceTree = "<group>"; };
		6F14EE1D222B181B0001841A /* AddActivity.swift */ = {isa = PBXFileReference; lastKnownFileType = sourcecode.swift; path = AddActivity.swift; sourceTree = "<group>"; };
		6F14EE1F222B4B190001841A /* adminItemType.swift */ = {isa = PBXFileReference; lastKnownFileType = sourcecode.swift; path = adminItemType.swift; sourceTree = "<group>"; };
		6F14EE21222BCA370001841A /* adminItemTypeCell.swift */ = {isa = PBXFileReference; lastKnownFileType = sourcecode.swift; path = adminItemTypeCell.swift; sourceTree = "<group>"; };
		6F14EE23222BD9E80001841A /* AddItems.swift */ = {isa = PBXFileReference; lastKnownFileType = sourcecode.swift; path = AddItems.swift; sourceTree = "<group>"; };
		6F19AB43220EB2F800253C51 /* Url.swift */ = {isa = PBXFileReference; lastKnownFileType = sourcecode.swift; path = Url.swift; sourceTree = "<group>"; };
		6F19AB88220F29A500253C51 /* splash.swift */ = {isa = PBXFileReference; lastKnownFileType = sourcecode.swift; path = splash.swift; sourceTree = "<group>"; };
		6F20E6DA220CD7E60075A04B /* Farm.app */ = {isa = PBXFileReference; explicitFileType = wrapper.application; includeInIndex = 0; path = Farm.app; sourceTree = BUILT_PRODUCTS_DIR; };
		6F20E6DD220CD7E60075A04B /* AppDelegate.swift */ = {isa = PBXFileReference; lastKnownFileType = sourcecode.swift; path = AppDelegate.swift; sourceTree = "<group>"; };
		6F20E6DF220CD7E60075A04B /* Login.swift */ = {isa = PBXFileReference; lastKnownFileType = sourcecode.swift; path = Login.swift; sourceTree = "<group>"; };
		6F20E6E2220CD7E60075A04B /* Base */ = {isa = PBXFileReference; lastKnownFileType = file.storyboard; name = Base; path = Base.lproj/Main.storyboard; sourceTree = "<group>"; };
		6F20E6E5220CD7E60075A04B /* Farm.xcdatamodel */ = {isa = PBXFileReference; lastKnownFileType = wrapper.xcdatamodel; path = Farm.xcdatamodel; sourceTree = "<group>"; };
		6F20E6E7220CD7E90075A04B /* Assets.xcassets */ = {isa = PBXFileReference; lastKnownFileType = folder.assetcatalog; path = Assets.xcassets; sourceTree = "<group>"; };
		6F20E6EA220CD7E90075A04B /* Base */ = {isa = PBXFileReference; lastKnownFileType = file.storyboard; name = Base; path = Base.lproj/LaunchScreen.storyboard; sourceTree = "<group>"; };
		6F20E6EC220CD7E90075A04B /* Info.plist */ = {isa = PBXFileReference; lastKnownFileType = text.plist.xml; path = Info.plist; sourceTree = "<group>"; };
		6F23A8F7222C14DA0072AF24 /* adminDailyExpenses.swift */ = {isa = PBXFileReference; lastKnownFileType = sourcecode.swift; path = adminDailyExpenses.swift; sourceTree = "<group>"; };
		6F23A8F9222C15D40072AF24 /* adminDailyExpensesCell.swift */ = {isa = PBXFileReference; lastKnownFileType = sourcecode.swift; path = adminDailyExpensesCell.swift; sourceTree = "<group>"; };
		6F23A8FB222C2CB10072AF24 /* AdminChangePassword.swift */ = {isa = PBXFileReference; lastKnownFileType = sourcecode.swift; path = AdminChangePassword.swift; sourceTree = "<group>"; };
		6F23A8FF222D386D0072AF24 /* adminSelectManagerCell.swift */ = {isa = PBXFileReference; lastKnownFileType = sourcecode.swift; path = adminSelectManagerCell.swift; sourceTree = "<group>"; };
		6F23A905222D3E0E0072AF24 /* andminSelectManager.swift */ = {isa = PBXFileReference; lastKnownFileType = sourcecode.swift; path = andminSelectManager.swift; sourceTree = "<group>"; };
		6F52A2B42225BAAB00ED3C82 /* adminManagerCell.swift */ = {isa = PBXFileReference; lastKnownFileType = sourcecode.swift; path = adminManagerCell.swift; sourceTree = "<group>"; };
		6F52A2DD222742CF00ED3C82 /* adminAuditorCell.swift */ = {isa = PBXFileReference; lastKnownFileType = sourcecode.swift; path = adminAuditorCell.swift; sourceTree = "<group>"; };
		6F52A2E0222744B200ED3C82 /* adminAuditor.swift */ = {isa = PBXFileReference; lastKnownFileType = sourcecode.swift; path = adminAuditor.swift; sourceTree = "<group>"; };
		6F8358B9222AE30C00A0FC85 /* Addfarm.swift */ = {isa = PBXFileReference; lastKnownFileType = sourcecode.swift; path = Addfarm.swift; sourceTree = "<group>"; };
		6F864966222D74D300E1DE4E /* ManagerDailyActivity.swift */ = {isa = PBXFileReference; lastKnownFileType = sourcecode.swift; path = ManagerDailyActivity.swift; sourceTree = "<group>"; };
		6FD32366220E2D490002B695 /* adminManager.swift */ = {isa = PBXFileReference; lastKnownFileType = sourcecode.swift; path = adminManager.swift; sourceTree = "<group>"; };
/* End PBXFileReference section */

/* Begin PBXFrameworksBuildPhase section */
		6F20E6D7220CD7E60075A04B /* Frameworks */ = {
			isa = PBXFrameworksBuildPhase;
			buildActionMask = 2147483647;
			files = (
				4AB6A35A05CC328DAAB0E2A7 /* Pods_Farm.framework in Frameworks */,
			);
			runOnlyForDeploymentPostprocessing = 0;
		};
/* End PBXFrameworksBuildPhase section */

/* Begin PBXGroup section */
		484182AFCCA1478C9E3A7A52 /* Frameworks */ = {
			isa = PBXGroup;
			children = (
				53C8A2560FA3222BABDEA980 /* Pods_Farm.framework */,
			);
			name = Frameworks;
			sourceTree = "<group>";
		};
		6AC856BFAD658972040E6A14 /* Pods */ = {
			isa = PBXGroup;
			children = (
				375879C36916A65CA7FBA1B3 /* Pods-Farm.debug.xcconfig */,
				68F40804715C44CC9E9DFF21 /* Pods-Farm.release.xcconfig */,
			);
			name = Pods;
			sourceTree = "<group>";
		};
		6F19AB40220EB29B00253C51 /* Controller */ = {
			isa = PBXGroup;
			children = (
				6F20E6DD220CD7E60075A04B /* AppDelegate.swift */,
				6F20E6DF220CD7E60075A04B /* Login.swift */,
				6F19AB88220F29A500253C51 /* splash.swift */,
				6F52A2E3222744DA00ED3C82 /* adminClasses */,
				6F52A2DF2227445500ED3C82 /* Custom Cells */,
				6F864965222D741F00E1DE4E /* ManagerClass */,
			);
			path = Controller;
			sourceTree = "<group>";
		};
		6F19AB41220EB2B700253C51 /* View */ = {
			isa = PBXGroup;
			children = (
				6F20E6E1220CD7E60075A04B /* Main.storyboard */,
				6F20E6E7220CD7E90075A04B /* Assets.xcassets */,
				6F20E6E9220CD7E90075A04B /* LaunchScreen.storyboard */,
			);
			path = View;
			sourceTree = "<group>";
		};
		6F19AB42220EB2C300253C51 /* Model */ = {
			isa = PBXGroup;
			children = (
				6F19AB43220EB2F800253C51 /* Url.swift */,
			);
			path = Model;
			sourceTree = "<group>";
		};
		6F20E6D1220CD7E60075A04B = {
			isa = PBXGroup;
			children = (
				6F20E6DC220CD7E60075A04B /* Farm */,
				6F20E6DB220CD7E60075A04B /* Products */,
				6AC856BFAD658972040E6A14 /* Pods */,
				484182AFCCA1478C9E3A7A52 /* Frameworks */,
			);
			sourceTree = "<group>";
		};
		6F20E6DB220CD7E60075A04B /* Products */ = {
			isa = PBXGroup;
			children = (
				6F20E6DA220CD7E60075A04B /* Farm.app */,
			);
			name = Products;
			sourceTree = "<group>";
		};
		6F20E6DC220CD7E60075A04B /* Farm */ = {
			isa = PBXGroup;
			children = (
				6F19AB42220EB2C300253C51 /* Model */,
				6F19AB40220EB29B00253C51 /* Controller */,
				6F19AB41220EB2B700253C51 /* View */,
				6F20E6EC220CD7E90075A04B /* Info.plist */,
				6F20E6E4220CD7E60075A04B /* Farm.xcdatamodeld */,
			);
			path = Farm;
			sourceTree = "<group>";
		};
		6F52A2DF2227445500ED3C82 /* Custom Cells */ = {
			isa = PBXGroup;
			children = (
				6F52A2B42225BAAB00ED3C82 /* adminManagerCell.swift */,
				6F52A2DD222742CF00ED3C82 /* adminAuditorCell.swift */,
				6F101FD5222813DE0001A081 /* adminFarmCell.swift */,
				6F101FDB222830D90001A081 /* adminFarmActivityCell.swift */,
				6F101FDD2229C8020001A081 /* adminPlotCell.swift */,
				6F14EE21222BCA370001841A /* adminItemTypeCell.swift */,
				6F23A8F9222C15D40072AF24 /* adminDailyExpensesCell.swift */,
				6F23A8FF222D386D0072AF24 /* adminSelectManagerCell.swift */,
			);
			path = "Custom Cells";
			sourceTree = "<group>";
		};
		6F52A2E3222744DA00ED3C82 /* adminClasses */ = {
			isa = PBXGroup;
			children = (
				6FD32366220E2D490002B695 /* adminManager.swift */,
				6F52A2E0222744B200ED3C82 /* adminAuditor.swift */,
				6F101FD9222830B50001A081 /* adminFarmActivity.swift */,
				6F101FD7222813F80001A081 /* adminFarm.swift */,
				6F101FDF2229C8610001A081 /* adminPlot.swift */,
				6F101FE12229ECEF0001A081 /* CreateAccount.swift */,
				6F8358B9222AE30C00A0FC85 /* Addfarm.swift */,
				6F14EE1B222B16140001841A /* AddPlot.swift */,
				6F14EE1D222B181B0001841A /* AddActivity.swift */,
				6F14EE1F222B4B190001841A /* adminItemType.swift */,
				6F14EE23222BD9E80001841A /* AddItems.swift */,
				6F23A8F7222C14DA0072AF24 /* adminDailyExpenses.swift */,
				6F23A8FB222C2CB10072AF24 /* AdminChangePassword.swift */,
				6F23A905222D3E0E0072AF24 /* andminSelectManager.swift */,
			);
			path = adminClasses;
			sourceTree = "<group>";
		};
		6F864965222D741F00E1DE4E /* ManagerClass */ = {
			isa = PBXGroup;
			children = (
				6F864966222D74D300E1DE4E /* ManagerDailyActivity.swift */,
			);
			path = ManagerClass;
			sourceTree = "<group>";
		};
/* End PBXGroup section */

/* Begin PBXNativeTarget section */
		6F20E6D9220CD7E60075A04B /* Farm */ = {
			isa = PBXNativeTarget;
			buildConfigurationList = 6F20E6EF220CD7E90075A04B /* Build configuration list for PBXNativeTarget "Farm" */;
			buildPhases = (
				AF9007184F4DCF009285D244 /* [CP] Check Pods Manifest.lock */,
				6F20E6D6220CD7E60075A04B /* Sources */,
				6F20E6D7220CD7E60075A04B /* Frameworks */,
				6F20E6D8220CD7E60075A04B /* Resources */,
				F231BC5E88DCC969BAD7FCBD /* [CP] Embed Pods Frameworks */,
			);
			buildRules = (
			);
			dependencies = (
			);
			name = Farm;
			productName = Farm;
			productReference = 6F20E6DA220CD7E60075A04B /* Farm.app */;
			productType = "com.apple.product-type.application";
		};
/* End PBXNativeTarget section */

/* Begin PBXProject section */
		6F20E6D2220CD7E60075A04B /* Project object */ = {
			isa = PBXProject;
			attributes = {
				LastSwiftUpdateCheck = 1010;
				LastUpgradeCheck = 1010;
				ORGANIZATIONNAME = Dhrubojyoti;
				TargetAttributes = {
					6F20E6D9220CD7E60075A04B = {
						CreatedOnToolsVersion = 10.1;
					};
				};
			};
			buildConfigurationList = 6F20E6D5220CD7E60075A04B /* Build configuration list for PBXProject "Farm" */;
			compatibilityVersion = "Xcode 9.3";
			developmentRegion = en;
			hasScannedForEncodings = 0;
			knownRegions = (
				en,
				Base,
			);
			mainGroup = 6F20E6D1220CD7E60075A04B;
			productRefGroup = 6F20E6DB220CD7E60075A04B /* Products */;
			projectDirPath = "";
			projectRoot = "";
			targets = (
				6F20E6D9220CD7E60075A04B /* Farm */,
			);
		};
/* End PBXProject section */

/* Begin PBXResourcesBuildPhase section */
		6F20E6D8220CD7E60075A04B /* Resources */ = {
			isa = PBXResourcesBuildPhase;
			buildActionMask = 2147483647;
			files = (
				6F20E6EB220CD7E90075A04B /* LaunchScreen.storyboard in Resources */,
				6F20E6E8220CD7E90075A04B /* Assets.xcassets in Resources */,
				6F20E6E3220CD7E60075A04B /* Main.storyboard in Resources */,
			);
			runOnlyForDeploymentPostprocessing = 0;
		};
/* End PBXResourcesBuildPhase section */

/* Begin PBXShellScriptBuildPhase section */
		AF9007184F4DCF009285D244 /* [CP] Check Pods Manifest.lock */ = {
			isa = PBXShellScriptBuildPhase;
			buildActionMask = 2147483647;
			files = (
			);
			inputFileListPaths = (
			);
			inputPaths = (
				"${PODS_PODFILE_DIR_PATH}/Podfile.lock",
				"${PODS_ROOT}/Manifest.lock",
			);
			name = "[CP] Check Pods Manifest.lock";
			outputFileListPaths = (
			);
			outputPaths = (
				"$(DERIVED_FILE_DIR)/Pods-Farm-checkManifestLockResult.txt",
			);
			runOnlyForDeploymentPostprocessing = 0;
			shellPath = /bin/sh;
			shellScript = "diff \"${PODS_PODFILE_DIR_PATH}/Podfile.lock\" \"${PODS_ROOT}/Manifest.lock\" > /dev/null\nif [ $? != 0 ] ; then\n    # print error to STDERR\n    echo \"error: The sandbox is not in sync with the Podfile.lock. Run 'pod install' or update your CocoaPods installation.\" >&2\n    exit 1\nfi\n# This output is used by Xcode 'outputs' to avoid re-running this script phase.\necho \"SUCCESS\" > \"${SCRIPT_OUTPUT_FILE_0}\"\n";
			showEnvVarsInLog = 0;
		};
		F231BC5E88DCC969BAD7FCBD /* [CP] Embed Pods Frameworks */ = {
			isa = PBXShellScriptBuildPhase;
			buildActionMask = 2147483647;
			files = (
			);
			inputFileListPaths = (
			);
			inputPaths = (
				"${SRCROOT}/Pods/Target Support Files/Pods-Farm/Pods-Farm-frameworks.sh",
				"${BUILT_PRODUCTS_DIR}/Alamofire/Alamofire.framework",
				"${BUILT_PRODUCTS_DIR}/SVProgressHUD/SVProgressHUD.framework",
				"${BUILT_PRODUCTS_DIR}/SwiftyJSON/SwiftyJSON.framework",
			);
			name = "[CP] Embed Pods Frameworks";
			outputFileListPaths = (
			);
			outputPaths = (
				"${TARGET_BUILD_DIR}/${FRAMEWORKS_FOLDER_PATH}/Alamofire.framework",
				"${TARGET_BUILD_DIR}/${FRAMEWORKS_FOLDER_PATH}/SVProgressHUD.framework",
				"${TARGET_BUILD_DIR}/${FRAMEWORKS_FOLDER_PATH}/SwiftyJSON.framework",
			);
			runOnlyForDeploymentPostprocessing = 0;
			shellPath = /bin/sh;
			shellScript = "\"${SRCROOT}/Pods/Target Support Files/Pods-Farm/Pods-Farm-frameworks.sh\"\n";
			showEnvVarsInLog = 0;
		};
/* End PBXShellScriptBuildPhase section */

/* Begin PBXSourcesBuildPhase section */
		6F20E6D6220CD7E60075A04B /* Sources */ = {
			isa = PBXSourcesBuildPhase;
			buildActionMask = 2147483647;
			files = (
				6F8358BA222AE30C00A0FC85 /* Addfarm.swift in Sources */,
				6F52A2E1222744B200ED3C82 /* adminAuditor.swift in Sources */,
				6F23A8FC222C2CB10072AF24 /* AdminChangePassword.swift in Sources */,
				6F52A2B52225BAAB00ED3C82 /* adminManagerCell.swift in Sources */,
				6F864967222D74D300E1DE4E /* ManagerDailyActivity.swift in Sources */,
				6F101FD8222813F80001A081 /* adminFarm.swift in Sources */,
				6F14EE24222BD9E80001841A /* AddItems.swift in Sources */,
				6F14EE22222BCA370001841A /* adminItemTypeCell.swift in Sources */,
				6F20E6E0220CD7E60075A04B /* Login.swift in Sources */,
				6F52A2DE222742CF00ED3C82 /* adminAuditorCell.swift in Sources */,
				6F20E6DE220CD7E60075A04B /* AppDelegate.swift in Sources */,
				6F23A906222D3E0E0072AF24 /* andminSelectManager.swift in Sources */,
				6F19AB89220F29A500253C51 /* splash.swift in Sources */,
				6FD32367220E2D490002B695 /* adminManager.swift in Sources */,
				6F101FD6222813DE0001A081 /* adminFarmCell.swift in Sources */,
				6F14EE1C222B16140001841A /* AddPlot.swift in Sources */,
				6F14EE1E222B181B0001841A /* AddActivity.swift in Sources */,
				6F23A900222D386D0072AF24 /* adminSelectManagerCell.swift in Sources */,
				6F14EE20222B4B190001841A /* adminItemType.swift in Sources */,
				6F101FE02229C8610001A081 /* adminPlot.swift in Sources */,
				6F101FDC222830D90001A081 /* adminFarmActivityCell.swift in Sources */,
				6F20E6E6220CD7E60075A04B /* Farm.xcdatamodeld in Sources */,
				6F101FDA222830B50001A081 /* adminFarmActivity.swift in Sources */,
				6F23A8F8222C14DA0072AF24 /* adminDailyExpenses.swift in Sources */,
				6F19AB44220EB2F800253C51 /* Url.swift in Sources */,
				6F101FDE2229C8020001A081 /* adminPlotCell.swift in Sources */,
				6F23A8FA222C15D40072AF24 /* adminDailyExpensesCell.swift in Sources */,
				6F101FE22229ECEF0001A081 /* CreateAccount.swift in Sources */,
			);
			runOnlyForDeploymentPostprocessing = 0;
		};
/* End PBXSourcesBuildPhase section */

/* Begin PBXVariantGroup section */
		6F20E6E1220CD7E60075A04B /* Main.storyboard */ = {
			isa = PBXVariantGroup;
			children = (
				6F20E6E2220CD7E60075A04B /* Base */,
			);
			name = Main.storyboard;
			sourceTree = "<group>";
		};
		6F20E6E9220CD7E90075A04B /* LaunchScreen.storyboard */ = {
			isa = PBXVariantGroup;
			children = (
				6F20E6EA220CD7E90075A04B /* Base */,
			);
			name = LaunchScreen.storyboard;
			sourceTree = "<group>";
		};
/* End PBXVariantGroup section */

/* Begin XCBuildConfiguration section */
		6F20E6ED220CD7E90075A04B /* Debug */ = {
			isa = XCBuildConfiguration;
			buildSettings = {
				ALWAYS_SEARCH_USER_PATHS = NO;
				CLANG_ANALYZER_NONNULL = YES;
				CLANG_ANALYZER_NUMBER_OBJECT_CONVERSION = YES_AGGRESSIVE;
				CLANG_CXX_LANGUAGE_STANDARD = "gnu++14";
				CLANG_CXX_LIBRARY = "libc++";
				CLANG_ENABLE_MODULES = YES;
				CLANG_ENABLE_OBJC_ARC = YES;
				CLANG_ENABLE_OBJC_WEAK = YES;
				CLANG_WARN_BLOCK_CAPTURE_AUTORELEASING = YES;
				CLANG_WARN_BOOL_CONVERSION = YES;
				CLANG_WARN_COMMA = YES;
				CLANG_WARN_CONSTANT_CONVERSION = YES;
				CLANG_WARN_DEPRECATED_OBJC_IMPLEMENTATIONS = YES;
				CLANG_WARN_DIRECT_OBJC_ISA_USAGE = YES_ERROR;
				CLANG_WARN_DOCUMENTATION_COMMENTS = YES;
				CLANG_WARN_EMPTY_BODY = YES;
				CLANG_WARN_ENUM_CONVERSION = YES;
				CLANG_WARN_INFINITE_RECURSION = YES;
				CLANG_WARN_INT_CONVERSION = YES;
				CLANG_WARN_NON_LITERAL_NULL_CONVERSION = YES;
				CLANG_WARN_OBJC_IMPLICIT_RETAIN_SELF = YES;
				CLANG_WARN_OBJC_LITERAL_CONVERSION = YES;
				CLANG_WARN_OBJC_ROOT_CLASS = YES_ERROR;
				CLANG_WARN_RANGE_LOOP_ANALYSIS = YES;
				CLANG_WARN_STRICT_PROTOTYPES = YES;
				CLANG_WARN_SUSPICIOUS_MOVE = YES;
				CLANG_WARN_UNGUARDED_AVAILABILITY = YES_AGGRESSIVE;
				CLANG_WARN_UNREACHABLE_CODE = YES;
				CLANG_WARN__DUPLICATE_METHOD_MATCH = YES;
				CODE_SIGN_IDENTITY = "iPhone Developer";
				COPY_PHASE_STRIP = NO;
				DEBUG_INFORMATION_FORMAT = dwarf;
				ENABLE_STRICT_OBJC_MSGSEND = YES;
				ENABLE_TESTABILITY = YES;
				GCC_C_LANGUAGE_STANDARD = gnu11;
				GCC_DYNAMIC_NO_PIC = NO;
				GCC_NO_COMMON_BLOCKS = YES;
				GCC_OPTIMIZATION_LEVEL = 0;
				GCC_PREPROCESSOR_DEFINITIONS = (
					"DEBUG=1",
					"$(inherited)",
				);
				GCC_WARN_64_TO_32_BIT_CONVERSION = YES;
				GCC_WARN_ABOUT_RETURN_TYPE = YES_ERROR;
				GCC_WARN_UNDECLARED_SELECTOR = YES;
				GCC_WARN_UNINITIALIZED_AUTOS = YES_AGGRESSIVE;
				GCC_WARN_UNUSED_FUNCTION = YES;
				GCC_WARN_UNUSED_VARIABLE = YES;
				IPHONEOS_DEPLOYMENT_TARGET = 12.1;
				MTL_ENABLE_DEBUG_INFO = INCLUDE_SOURCE;
				MTL_FAST_MATH = YES;
				ONLY_ACTIVE_ARCH = YES;
				SDKROOT = iphoneos;
				SWIFT_ACTIVE_COMPILATION_CONDITIONS = DEBUG;
				SWIFT_OPTIMIZATION_LEVEL = "-Onone";
			};
			name = Debug;
		};
		6F20E6EE220CD7E90075A04B /* Release */ = {
			isa = XCBuildConfiguration;
			buildSettings = {
				ALWAYS_SEARCH_USER_PATHS = NO;
				CLANG_ANALYZER_NONNULL = YES;
				CLANG_ANALYZER_NUMBER_OBJECT_CONVERSION = YES_AGGRESSIVE;
				CLANG_CXX_LANGUAGE_STANDARD = "gnu++14";
				CLANG_CXX_LIBRARY = "libc++";
				CLANG_ENABLE_MODULES = YES;
				CLANG_ENABLE_OBJC_ARC = YES;
				CLANG_ENABLE_OBJC_WEAK = YES;
				CLANG_WARN_BLOCK_CAPTURE_AUTORELEASING = YES;
				CLANG_WARN_BOOL_CONVERSION = YES;
				CLANG_WARN_COMMA = YES;
				CLANG_WARN_CONSTANT_CONVERSION = YES;
				CLANG_WARN_DEPRECATED_OBJC_IMPLEMENTATIONS = YES;
				CLANG_WARN_DIRECT_OBJC_ISA_USAGE = YES_ERROR;
				CLANG_WARN_DOCUMENTATION_COMMENTS = YES;
				CLANG_WARN_EMPTY_BODY = YES;
				CLANG_WARN_ENUM_CONVERSION = YES;
				CLANG_WARN_INFINITE_RECURSION = YES;
				CLANG_WARN_INT_CONVERSION = YES;
				CLANG_WARN_NON_LITERAL_NULL_CONVERSION = YES;
				CLANG_WARN_OBJC_IMPLICIT_RETAIN_SELF = YES;
				CLANG_WARN_OBJC_LITERAL_CONVERSION = YES;
				CLANG_WARN_OBJC_ROOT_CLASS = YES_ERROR;
				CLANG_WARN_RANGE_LOOP_ANALYSIS = YES;
				CLANG_WARN_STRICT_PROTOTYPES = YES;
				CLANG_WARN_SUSPICIOUS_MOVE = YES;
				CLANG_WARN_UNGUARDED_AVAILABILITY = YES_AGGRESSIVE;
				CLANG_WARN_UNREACHABLE_CODE = YES;
				CLANG_WARN__DUPLICATE_METHOD_MATCH = YES;
				CODE_SIGN_IDENTITY = "iPhone Developer";
				COPY_PHASE_STRIP = NO;
				DEBUG_INFORMATION_FORMAT = "dwarf-with-dsym";
				ENABLE_NS_ASSERTIONS = NO;
				ENABLE_STRICT_OBJC_MSGSEND = YES;
				GCC_C_LANGUAGE_STANDARD = gnu11;
				GCC_NO_COMMON_BLOCKS = YES;
				GCC_WARN_64_TO_32_BIT_CONVERSION = YES;
				GCC_WARN_ABOUT_RETURN_TYPE = YES_ERROR;
				GCC_WARN_UNDECLARED_SELECTOR = YES;
				GCC_WARN_UNINITIALIZED_AUTOS = YES_AGGRESSIVE;
				GCC_WARN_UNUSED_FUNCTION = YES;
				GCC_WARN_UNUSED_VARIABLE = YES;
				IPHONEOS_DEPLOYMENT_TARGET = 12.1;
				MTL_ENABLE_DEBUG_INFO = NO;
				MTL_FAST_MATH = YES;
				SDKROOT = iphoneos;
				SWIFT_COMPILATION_MODE = wholemodule;
				SWIFT_OPTIMIZATION_LEVEL = "-O";
				VALIDATE_PRODUCT = YES;
			};
			name = Release;
		};
		6F20E6F0220CD7E90075A04B /* Debug */ = {
			isa = XCBuildConfiguration;
			baseConfigurationReference = 375879C36916A65CA7FBA1B3 /* Pods-Farm.debug.xcconfig */;
			buildSettings = {
				ASSETCATALOG_COMPILER_APPICON_NAME = AppIcon;
				CODE_SIGN_STYLE = Automatic;
				DEVELOPMENT_TEAM = 55DX457GXB;
				INFOPLIST_FILE = Farm/Info.plist;
				LD_RUNPATH_SEARCH_PATHS = (
					"$(inherited)",
					"@executable_path/Frameworks",
				);
				PRODUCT_BUNDLE_IDENTIFIER = com.brandmore.brandmore.Farm;
				PRODUCT_NAME = "$(TARGET_NAME)";
				SWIFT_VERSION = 4.2;
				TARGETED_DEVICE_FAMILY = 1;
			};
			name = Debug;
		};
		6F20E6F1220CD7E90075A04B /* Release */ = {
			isa = XCBuildConfiguration;
			baseConfigurationReference = 68F40804715C44CC9E9DFF21 /* Pods-Farm.release.xcconfig */;
			buildSettings = {
				ASSETCATALOG_COMPILER_APPICON_NAME = AppIcon;
				CODE_SIGN_STYLE = Automatic;
				DEVELOPMENT_TEAM = 55DX457GXB;
				INFOPLIST_FILE = Farm/Info.plist;
				LD_RUNPATH_SEARCH_PATHS = (
					"$(inherited)",
					"@executable_path/Frameworks",
				);
				PRODUCT_BUNDLE_IDENTIFIER = com.brandmore.brandmore.Farm;
				PRODUCT_NAME = "$(TARGET_NAME)";
				SWIFT_VERSION = 4.2;
				TARGETED_DEVICE_FAMILY = 1;
			};
			name = Release;
		};
/* End XCBuildConfiguration section */

/* Begin XCConfigurationList section */
		6F20E6D5220CD7E60075A04B /* Build configuration list for PBXProject "Farm" */ = {
			isa = XCConfigurationList;
			buildConfigurations = (
				6F20E6ED220CD7E90075A04B /* Debug */,
				6F20E6EE220CD7E90075A04B /* Release */,
			);
			defaultConfigurationIsVisible = 0;
			defaultConfigurationName = Release;
		};
		6F20E6EF220CD7E90075A04B /* Build configuration list for PBXNativeTarget "Farm" */ = {
			isa = XCConfigurationList;
			buildConfigurations = (
				6F20E6F0220CD7E90075A04B /* Debug */,
				6F20E6F1220CD7E90075A04B /* Release */,
			);
			defaultConfigurationIsVisible = 0;
			defaultConfigurationName = Release;
		};
/* End XCConfigurationList section */

/* Begin XCVersionGroup section */
		6F20E6E4220CD7E60075A04B /* Farm.xcdatamodeld */ = {
			isa = XCVersionGroup;
			children = (
				6F20E6E5220CD7E60075A04B /* Farm.xcdatamodel */,
			);
			currentVersion = 6F20E6E5220CD7E60075A04B /* Farm.xcdatamodel */;
			path = Farm.xcdatamodeld;
			sourceTree = "<group>";
			versionGroupType = wrapper.xcdatamodel;
		};
/* End XCVersionGroup section */
	};
	rootObject = 6F20E6D2220CD7E60075A04B /* Project object */;
}
