PODS:
  - Alamofire (4.8.0)
  - BSGridCollectionViewLayout (1.2.2)
  - BSImagePicker (2.9.0):
    - BSGridCollectionViewLayout (= 1.2.2)
    - BSImageView (= 1.0.2)
  - BSImageView (1.0.2)
  - PryntTrimmerView (3.0.0)
  - SteviaLayout (4.4.3)
  - SVProgressHUD (2.2.5)
  - SwiftyJSON (4.2.0)
  - YPImagePicker (3.5.3):
    - PryntTrimmerView (~> 3.0.0)
    - SteviaLayout (~> 4.4.1)

DEPENDENCIES:
  - Alamofire
  - BSImagePicker (~> 2.8)
  - SVProgressHUD
  - SwiftyJSON
  - YPImagePicker

SPEC REPOS:
  https://github.com/cocoapods/specs.git:
    - Alamofire
    - BSGridCollectionViewLayout
    - BSImagePicker
    - BSImageView
    - PryntTrimmerView
    - SteviaLayout
    - SVProgressHUD
    - SwiftyJSON
    - YPImagePicker

SPEC CHECKSUMS:
  Alamofire: 3ec537f71edc9804815215393ae2b1a8ea33a844
  BSGridCollectionViewLayout: 3e6f23b3a2b4f0ca9afae09ca01389d1057f7b32
  BSImagePicker: 553707de1adaad42eac252e0b84d20dbdba83fe9
  BSImageView: ab22ff8cae61f1ae17a3c9efeeb216af3cf84a09
  PryntTrimmerView: 53ac64053c7ce63cb3e27f54090f52da0734891d
  SteviaLayout: ae5ee66101e03607a93c9b3773b84ab7ba7b3d17
  SVProgressHUD: 1428aafac632c1f86f62aa4243ec12008d7a51d6
  SwiftyJSON: c4bcba26dd9ec7a027fc8eade48e2c911f229e96
  YPImagePicker: 5dd3814b47b1208e9c8cc8f6ef77fe90db3723b6

PODFILE CHECKSUM: 67450fe77ff3e7771e4028473cb6556fef084bfd

COCOAPODS: 1.7.0.beta.1
